
Microsoft Visual Studio Solution File, Format Version 12.00
# Visual Studio Version 17
VisualStudioVersion = 17.4.33213.308
MinimumVisualStudioVersion = 10.0.40219.1
Project("{FAE04EC0-301F-11D3-BF4B-00C04F79EFBC}") = "StudentList", "StudentList\StudentList.csproj", "{5F44034A-BA3B-4311-ABC9-B5D9FF9A2F67}"
EndProject
Global
	GlobalSection(SolutionConfigurationPlatforms) = preSolution
		Debug|Any CPU = Debug|Any CPU
		Release|Any CPU = Release|Any CPU
	EndGlobalSection
	GlobalSection(ProjectConfigurationPlatforms) = postSolution
		{5F44034A-BA3B-4311-ABC9-B5D9FF9A2F67}.Debug|Any CPU.ActiveCfg = Debug|Any CPU
		{5F44034A-BA3B-4311-ABC9-B5D9FF9A2F67}.Debug|Any CPU.Build.0 = Debug|Any CPU
		{5F44034A-BA3B-4311-ABC9-B5D9FF9A2F67}.Release|Any CPU.ActiveCfg = Release|Any CPU
		{5F44034A-BA3B-4311-ABC9-B5D9FF9A2F67}.Release|Any CPU.Build.0 = Release|Any CPU
	EndGlobalSection
	GlobalSection(SolutionProperties) = preSolution
		HideSolutionNode = FALSE
	EndGlobalSection
	GlobalSection(ExtensibilityGlobals) = postSolution
		SolutionGuid = {4A78A4ED-D2F6-4F65-B6E7-A91237243BEE}
	EndGlobalSection
EndGlobal
